
Microsoft Visual Studio Solution File, Format Version 12.00
# Visual Studio for Mac
Project("{FAE04EC0-301F-11D3-BF4B-00C04F79EFBC}") = "Assembly-CSharp", "Assembly-CSharp.csproj", "{6A0721E3-3606-4B80-4206-F44A77EDC712}"
EndProject
Project("{FAE04EC0-301F-11D3-BF4B-00C04F79EFBC}") = "Assembly-CSharp-firstpass", "Assembly-CSharp-firstpass.csproj", "{D7EB8968-4232-EF8E-9593-C88626A579FC}"
EndProject
Project("{FAE04EC0-301F-11D3-BF4B-00C04F79EFBC}") = "Assembly-CSharp-Editor-firstpass", "Assembly-CSharp-Editor-firstpass.csproj", "{881634DA-79DE-1643-C256-C116467DB605}"
EndProject
Global
	GlobalSection(SolutionConfigurationPlatforms) = preSolution
		Debug|Any CPU = Debug|Any CPU
		Release|Any CPU = Release|Any CPU
	EndGlobalSection
	GlobalSection(ProjectConfigurationPlatforms) = postSolution
		{6A0721E3-3606-4B80-4206-F44A77EDC712}.Debug|Any CPU.ActiveCfg = Debug|Any CPU
		{6A0721E3-3606-4B80-4206-F44A77EDC712}.Debug|Any CPU.Build.0 = Debug|Any CPU
		{6A0721E3-3606-4B80-4206-F44A77EDC712}.Release|Any CPU.ActiveCfg = Release|Any CPU
		{6A0721E3-3606-4B80-4206-F44A77EDC712}.Release|Any CPU.Build.0 = Release|Any CPU
		{D7EB8968-4232-EF8E-9593-C88626A579FC}.Debug|Any CPU.ActiveCfg = Debug|Any CPU
		{D7EB8968-4232-EF8E-9593-C88626A579FC}.Debug|Any CPU.Build.0 = Debug|Any CPU
		{D7EB8968-4232-EF8E-9593-C88626A579FC}.Release|Any CPU.ActiveCfg = Release|Any CPU
		{D7EB8968-4232-EF8E-9593-C88626A579FC}.Release|Any CPU.Build.0 = Release|Any CPU
		{881634DA-79DE-1643-C256-C116467DB605}.Debug|Any CPU.ActiveCfg = Debug|Any CPU
		{881634DA-79DE-1643-C256-C116467DB605}.Debug|Any CPU.Build.0 = Debug|Any CPU
		{881634DA-79DE-1643-C256-C116467DB605}.Release|Any CPU.ActiveCfg = Release|Any CPU
		{881634DA-79DE-1643-C256-C116467DB605}.Release|Any CPU.Build.0 = Release|Any CPU
	EndGlobalSection
	GlobalSection(SolutionProperties) = preSolution
		HideSolutionNode = FALSE
	EndGlobalSection
EndGlobal
